// !$*UTF8*$!
{
	archiveVersion = 1;
	classes = {
	};
	objectVersion = 46;
	objects = {

/* Begin PBXBuildFile section */
		731533721BFE5D260021FFA9 /* AppDelegate.swift in Sources */ = {isa = PBXBuildFile; fileRef = 731533711BFE5D260021FFA9 /* AppDelegate.swift */; };
		731533741BFE5D260021FFA9 /* ViewController.swift in Sources */ = {isa = PBXBuildFile; fileRef = 731533731BFE5D260021FFA9 /* ViewController.swift */; };
		731533771BFE5D260021FFA9 /* Main.storyboard in Resources */ = {isa = PBXBuildFile; fileRef = 731533751BFE5D260021FFA9 /* Main.storyboard */; };
		731533791BFE5D260021FFA9 /* Assets.xcassets in Resources */ = {isa = PBXBuildFile; fileRef = 731533781BFE5D260021FFA9 /* Assets.xcassets */; };
		7315337C1BFE5D260021FFA9 /* LaunchScreen.storyboard in Resources */ = {isa = PBXBuildFile; fileRef = 7315337A1BFE5D260021FFA9 /* LaunchScreen.storyboard */; };
		731533871BFE5D260021FFA9 /* StarWarsVIITests.swift in Sources */ = {isa = PBXBuildFile; fileRef = 731533861BFE5D260021FFA9 /* StarWarsVIITests.swift */; };
		731533941BFE60640021FFA9 /* StarWarsCharacter.swift in Sources */ = {isa = PBXBuildFile; fileRef = 731533931BFE60640021FFA9 /* StarWarsCharacter.swift */; };
		731533971BFE7C620021FFA9 /* Affiliations.swift in Sources */ = {isa = PBXBuildFile; fileRef = 731533961BFE7C620021FFA9 /* Affiliations.swift */; };
/* End PBXBuildFile section */

/* Begin PBXContainerItemProxy section */
		731533831BFE5D260021FFA9 /* PBXContainerItemProxy */ = {
			isa = PBXContainerItemProxy;
			containerPortal = 731533661BFE5D260021FFA9 /* Project object */;
			proxyType = 1;
			remoteGlobalIDString = 7315336D1BFE5D260021FFA9;
			remoteInfo = StarWarsVII;
		};
/* End PBXContainerItemProxy section */

/* Begin PBXFileReference section */
		7315336E1BFE5D260021FFA9 /* StarWarsVII.app */ = {isa = PBXFileReference; explicitFileType = wrapper.application; includeInIndex = 0; path = StarWarsVII.app; sourceTree = BUILT_PRODUCTS_DIR; };
		731533711BFE5D260021FFA9 /* AppDelegate.swift */ = {isa = PBXFileReference; lastKnownFileType = sourcecode.swift; path = AppDelegate.swift; sourceTree = "<group>"; };
		731533731BFE5D260021FFA9 /* ViewController.swift */ = {isa = PBXFileReference; lastKnownFileType = sourcecode.swift; path = ViewController.swift; sourceTree = "<group>"; };
		731533761BFE5D260021FFA9 /* Base */ = {isa = PBXFileReference; lastKnownFileType = file.storyboard; name = Base; path = Base.lproj/Main.storyboard; sourceTree = "<group>"; };
		731533781BFE5D260021FFA9 /* Assets.xcassets */ = {isa = PBXFileReference; lastKnownFileType = folder.assetcatalog; path = Assets.xcassets; sourceTree = "<group>"; };
		7315337B1BFE5D260021FFA9 /* Base */ = {isa = PBXFileReference; lastKnownFileType = file.storyboard; name = Base; path = Base.lproj/LaunchScreen.storyboard; sourceTree = "<group>"; };
		7315337D1BFE5D260021FFA9 /* Info.plist */ = {isa = PBXFileReference; lastKnownFileType = text.plist.xml; path = Info.plist; sourceTree = "<group>"; };
		731533821BFE5D260021FFA9 /* StarWarsVIITests.xctest */ = {isa = PBXFileReference; explicitFileType = wrapper.cfbundle; includeInIndex = 0; path = StarWarsVIITests.xctest; sourceTree = BUILT_PRODUCTS_DIR; };
		731533861BFE5D260021FFA9 /* StarWarsVIITests.swift */ = {isa = PBXFileReference; lastKnownFileType = sourcecode.swift; path = StarWarsVIITests.swift; sourceTree = "<group>"; };
		731533881BFE5D260021FFA9 /* Info.plist */ = {isa = PBXFileReference; lastKnownFileType = text.plist.xml; path = Info.plist; sourceTree = "<group>"; };
		731533931BFE60640021FFA9 /* StarWarsCharacter.swift */ = {isa = PBXFileReference; fileEncoding = 4; lastKnownFileType = sourcecode.swift; name = StarWarsCharacter.swift; path = Models/StarWarsCharacter.swift; sourceTree = "<group>"; };
		731533951BFE65410021FFA9 /* Misc.playground */ = {isa = PBXFileReference; lastKnownFileType = file.playground; path = Misc.playground; sourceTree = "<group>"; };
		731533961BFE7C620021FFA9 /* Affiliations.swift */ = {isa = PBXFileReference; fileEncoding = 4; lastKnownFileType = sourcecode.swift; name = Affiliations.swift; path = Models/Affiliations.swift; sourceTree = "<group>"; };
/* End PBXFileReference section */

/* Begin PBXFrameworksBuildPhase section */
		7315336B1BFE5D260021FFA9 /* Frameworks */ = {
			isa = PBXFrameworksBuildPhase;
			buildActionMask = 2147483647;
			files = (
			);
			runOnlyForDeploymentPostprocessing = 0;
		};
		7315337F1BFE5D260021FFA9 /* Frameworks */ = {
			isa = PBXFrameworksBuildPhase;
			buildActionMask = 2147483647;
			files = (
			);
			runOnlyForDeploymentPostprocessing = 0;
		};
/* End PBXFrameworksBuildPhase section */

/* Begin PBXGroup section */
		731533651BFE5D260021FFA9 = {
			isa = PBXGroup;
			children = (
				731533701BFE5D260021FFA9 /* StarWarsVII */,
				731533851BFE5D260021FFA9 /* StarWarsVIITests */,
				7315336F1BFE5D260021FFA9 /* Products */,
			);
			sourceTree = "<group>";
		};
		7315336F1BFE5D260021FFA9 /* Products */ = {
			isa = PBXGroup;
			children = (
				7315336E1BFE5D260021FFA9 /* StarWarsVII.app */,
				731533821BFE5D260021FFA9 /* StarWarsVIITests.xctest */,
			);
			name = Products;
			sourceTree = "<group>";
		};
		731533701BFE5D260021FFA9 /* StarWarsVII */ = {
			isa = PBXGroup;
			children = (
				731533911BFE60210021FFA9 /* App */,
			);
			path = StarWarsVII;
			sourceTree = "<group>";
		};
		731533851BFE5D260021FFA9 /* StarWarsVIITests */ = {
			isa = PBXGroup;
			children = (
				731533861BFE5D260021FFA9 /* StarWarsVIITests.swift */,
				731533881BFE5D260021FFA9 /* Info.plist */,
			);
			path = StarWarsVIITests;
			sourceTree = "<group>";
		};
		731533911BFE60210021FFA9 /* App */ = {
			isa = PBXGroup;
			children = (
				731533951BFE65410021FFA9 /* Misc.playground */,
				731533921BFE60340021FFA9 /* Models */,
				731533711BFE5D260021FFA9 /* AppDelegate.swift */,
				731533731BFE5D260021FFA9 /* ViewController.swift */,
				731533751BFE5D260021FFA9 /* Main.storyboard */,
				731533781BFE5D260021FFA9 /* Assets.xcassets */,
				7315337A1BFE5D260021FFA9 /* LaunchScreen.storyboard */,
				7315337D1BFE5D260021FFA9 /* Info.plist */,
			);
			name = App;
			sourceTree = "<group>";
		};
		731533921BFE60340021FFA9 /* Models */ = {
			isa = PBXGroup;
			children = (
				731533931BFE60640021FFA9 /* StarWarsCharacter.swift */,
				731533961BFE7C620021FFA9 /* Affiliations.swift */,
			);
			name = Models;
			sourceTree = "<group>";
		};
/* End PBXGroup section */

/* Begin PBXNativeTarget section */
		7315336D1BFE5D260021FFA9 /* StarWarsVII */ = {
			isa = PBXNativeTarget;
			buildConfigurationList = 7315338B1BFE5D260021FFA9 /* Build configuration list for PBXNativeTarget "StarWarsVII" */;
			buildPhases = (
				7315336A1BFE5D260021FFA9 /* Sources */,
				7315336B1BFE5D260021FFA9 /* Frameworks */,
				7315336C1BFE5D260021FFA9 /* Resources */,
			);
			buildRules = (
			);
			dependencies = (
			);
			name = StarWarsVII;
			productName = StarWarsVII;
			productReference = 7315336E1BFE5D260021FFA9 /* StarWarsVII.app */;
			productType = "com.apple.product-type.application";
		};
		731533811BFE5D260021FFA9 /* StarWarsVIITests */ = {
			isa = PBXNativeTarget;
			buildConfigurationList = 7315338E1BFE5D260021FFA9 /* Build configuration list for PBXNativeTarget "StarWarsVIITests" */;
			buildPhases = (
				7315337E1BFE5D260021FFA9 /* Sources */,
				7315337F1BFE5D260021FFA9 /* Frameworks */,
				731533801BFE5D260021FFA9 /* Resources */,
			);
			buildRules = (
			);
			dependencies = (
				731533841BFE5D260021FFA9 /* PBXTargetDependency */,
			);
			name = StarWarsVIITests;
			productName = StarWarsVIITests;
			productReference = 731533821BFE5D260021FFA9 /* StarWarsVIITests.xctest */;
			productType = "com.apple.product-type.bundle.unit-test";
		};
/* End PBXNativeTarget section */

/* Begin PBXProject section */
		731533661BFE5D260021FFA9 /* Project object */ = {
			isa = PBXProject;
			attributes = {
				LastSwiftUpdateCheck = 0710;
				LastUpgradeCheck = 0710;
				ORGANIZATIONNAME = "José Manuel Rodríguez Moreno";
				TargetAttributes = {
					7315336D1BFE5D260021FFA9 = {
						CreatedOnToolsVersion = 7.1.1;
					};
					731533811BFE5D260021FFA9 = {
						CreatedOnToolsVersion = 7.1.1;
						TestTargetID = 7315336D1BFE5D260021FFA9;
					};
				};
			};
			buildConfigurationList = 731533691BFE5D260021FFA9 /* Build configuration list for PBXProject "StarWarsVII" */;
			compatibilityVersion = "Xcode 3.2";
			developmentRegion = English;
			hasScannedForEncodings = 0;
			knownRegions = (
				en,
				Base,
			);
			mainGroup = 731533651BFE5D260021FFA9;
			productRefGroup = 7315336F1BFE5D260021FFA9 /* Products */;
			projectDirPath = "";
			projectRoot = "";
			targets = (
				7315336D1BFE5D260021FFA9 /* StarWarsVII */,
				731533811BFE5D260021FFA9 /* StarWarsVIITests */,
			);
		};
/* End PBXProject section */

/* Begin PBXResourcesBuildPhase section */
		7315336C1BFE5D260021FFA9 /* Resources */ = {
			isa = PBXResourcesBuildPhase;
			buildActionMask = 2147483647;
			files = (
				7315337C1BFE5D260021FFA9 /* LaunchScreen.storyboard in Resources */,
				731533791BFE5D260021FFA9 /* Assets.xcassets in Resources */,
				731533771BFE5D260021FFA9 /* Main.storyboard in Resources */,
			);
			runOnlyForDeploymentPostprocessing = 0;
		};
		731533801BFE5D260021FFA9 /* Resources */ = {
			isa = PBXResourcesBuildPhase;
			buildActionMask = 2147483647;
			files = (
			);
			runOnlyForDeploymentPostprocessing = 0;
		};
/* End PBXResourcesBuildPhase section */

/* Begin PBXSourcesBuildPhase section */
		7315336A1BFE5D260021FFA9 /* Sources */ = {
			isa = PBXSourcesBuildPhase;
			buildActionMask = 2147483647;
			files = (
				731533741BFE5D260021FFA9 /* ViewController.swift in Sources */,
				731533941BFE60640021FFA9 /* StarWarsCharacter.swift in Sources */,
				731533971BFE7C620021FFA9 /* Affiliations.swift in Sources */,
				731533721BFE5D260021FFA9 /* AppDelegate.swift in Sources */,
			);
			runOnlyForDeploymentPostprocessing = 0;
		};
		7315337E1BFE5D260021FFA9 /* Sources */ = {
			isa = PBXSourcesBuildPhase;
			buildActionMask = 2147483647;
			files = (
				731533871BFE5D260021FFA9 /* StarWarsVIITests.swift in Sources */,
			);
			runOnlyForDeploymentPostprocessing = 0;
		};
/* End PBXSourcesBuildPhase section */

/* Begin PBXTargetDependency section */
		731533841BFE5D260021FFA9 /* PBXTargetDependency */ = {
			isa = PBXTargetDependency;
			target = 7315336D1BFE5D260021FFA9 /* StarWarsVII */;
			targetProxy = 731533831BFE5D260021FFA9 /* PBXContainerItemProxy */;
		};
/* End PBXTargetDependency section */

/* Begin PBXVariantGroup section */
		731533751BFE5D260021FFA9 /* Main.storyboard */ = {
			isa = PBXVariantGroup;
			children = (
				731533761BFE5D260021FFA9 /* Base */,
			);
			name = Main.storyboard;
			sourceTree = "<group>";
		};
		7315337A1BFE5D260021FFA9 /* LaunchScreen.storyboard */ = {
			isa = PBXVariantGroup;
			children = (
				7315337B1BFE5D260021FFA9 /* Base */,
			);
			name = LaunchScreen.storyboard;
			sourceTree = "<group>";
		};
/* End PBXVariantGroup section */

/* Begin XCBuildConfiguration section */
		731533891BFE5D260021FFA9 /* Debug */ = {
			isa = XCBuildConfiguration;
			buildSettings = {
				ALWAYS_SEARCH_USER_PATHS = NO;
				CLANG_CXX_LANGUAGE_STANDARD = "gnu++0x";
				CLANG_CXX_LIBRARY = "libc++";
				CLANG_ENABLE_MODULES = YES;
				CLANG_ENABLE_OBJC_ARC = YES;
				CLANG_WARN_BOOL_CONVERSION = YES;
				CLANG_WARN_CONSTANT_CONVERSION = YES;
				CLANG_WARN_DIRECT_OBJC_ISA_USAGE = YES_ERROR;
				CLANG_WARN_EMPTY_BODY = YES;
				CLANG_WARN_ENUM_CONVERSION = YES;
				CLANG_WARN_INT_CONVERSION = YES;
				CLANG_WARN_OBJC_ROOT_CLASS = YES_ERROR;
				CLANG_WARN_UNREACHABLE_CODE = YES;
				CLANG_WARN__DUPLICATE_METHOD_MATCH = YES;
				"CODE_SIGN_IDENTITY[sdk=iphoneos*]" = "iPhone Developer";
				COPY_PHASE_STRIP = NO;
				DEBUG_INFORMATION_FORMAT = dwarf;
				ENABLE_STRICT_OBJC_MSGSEND = YES;
				ENABLE_TESTABILITY = YES;
				GCC_C_LANGUAGE_STANDARD = gnu99;
				GCC_DYNAMIC_NO_PIC = NO;
				GCC_NO_COMMON_BLOCKS = YES;
				GCC_OPTIMIZATION_LEVEL = 0;
				GCC_PREPROCESSOR_DEFINITIONS = (
					"DEBUG=1",
					"$(inherited)",
				);
				GCC_WARN_64_TO_32_BIT_CONVERSION = YES;
				GCC_WARN_ABOUT_RETURN_TYPE = YES_ERROR;
				GCC_WARN_UNDECLARED_SELECTOR = YES;
				GCC_WARN_UNINITIALIZED_AUTOS = YES_AGGRESSIVE;
				GCC_WARN_UNUSED_FUNCTION = YES;
				GCC_WARN_UNUSED_VARIABLE = YES;
				IPHONEOS_DEPLOYMENT_TARGET = 9.1;
				MTL_ENABLE_DEBUG_INFO = YES;
				ONLY_ACTIVE_ARCH = YES;
				SDKROOT = iphoneos;
				SWIFT_OPTIMIZATION_LEVEL = "-Onone";
			};
			name = Debug;
		};
		7315338A1BFE5D260021FFA9 /* Release */ = {
			isa = XCBuildConfiguration;
			buildSettings = {
				ALWAYS_SEARCH_USER_PATHS = NO;
				CLANG_CXX_LANGUAGE_STANDARD = "gnu++0x";
				CLANG_CXX_LIBRARY = "libc++";
				CLANG_ENABLE_MODULES = YES;
				CLANG_ENABLE_OBJC_ARC = YES;
				CLANG_WARN_BOOL_CONVERSION = YES;
				CLANG_WARN_CONSTANT_CONVERSION = YES;
				CLANG_WARN_DIRECT_OBJC_ISA_USAGE = YES_ERROR;
				CLANG_WARN_EMPTY_BODY = YES;
				CLANG_WARN_ENUM_CONVERSION = YES;
				CLANG_WARN_INT_CONVERSION = YES;
				CLANG_WARN_OBJC_ROOT_CLASS = YES_ERROR;
				CLANG_WARN_UNREACHABLE_CODE = YES;
				CLANG_WARN__DUPLICATE_METHOD_MATCH = YES;
				"CODE_SIGN_IDENTITY[sdk=iphoneos*]" = "iPhone Developer";
				COPY_PHASE_STRIP = NO;
				DEBUG_INFORMATION_FORMAT = "dwarf-with-dsym";
				ENABLE_NS_ASSERTIONS = NO;
				ENABLE_STRICT_OBJC_MSGSEND = YES;
				GCC_C_LANGUAGE_STANDARD = gnu99;
				GCC_NO_COMMON_BLOCKS = YES;
				GCC_WARN_64_TO_32_BIT_CONVERSION = YES;
				GCC_WARN_ABOUT_RETURN_TYPE = YES_ERROR;
				GCC_WARN_UNDECLARED_SELECTOR = YES;
				GCC_WARN_UNINITIALIZED_AUTOS = YES_AGGRESSIVE;
				GCC_WARN_UNUSED_FUNCTION = YES;
				GCC_WARN_UNUSED_VARIABLE = YES;
				IPHONEOS_DEPLOYMENT_TARGET = 9.1;
				MTL_ENABLE_DEBUG_INFO = NO;
				SDKROOT = iphoneos;
				VALIDATE_PRODUCT = YES;
			};
			name = Release;
		};
		7315338C1BFE5D260021FFA9 /* Debug */ = {
			isa = XCBuildConfiguration;
			buildSettings = {
				ASSETCATALOG_COMPILER_APPICON_NAME = AppIcon;
				INFOPLIST_FILE = StarWarsVII/Info.plist;
				LD_RUNPATH_SEARCH_PATHS = "$(inherited) @executable_path/Frameworks";
				PRODUCT_BUNDLE_IDENTIFIER = es.idenjoe.StarWarsVII;
				PRODUCT_NAME = "$(TARGET_NAME)";
			};
			name = Debug;
		};
		7315338D1BFE5D260021FFA9 /* Release */ = {
			isa = XCBuildConfiguration;
			buildSettings = {
				ASSETCATALOG_COMPILER_APPICON_NAME = AppIcon;
				INFOPLIST_FILE = StarWarsVII/Info.plist;
				LD_RUNPATH_SEARCH_PATHS = "$(inherited) @executable_path/Frameworks";
				PRODUCT_BUNDLE_IDENTIFIER = es.idenjoe.StarWarsVII;
				PRODUCT_NAME = "$(TARGET_NAME)";
			};
			name = Release;
		};
		7315338F1BFE5D260021FFA9 /* Debug */ = {
			isa = XCBuildConfiguration;
			buildSettings = {
				BUNDLE_LOADER = "$(TEST_HOST)";
				INFOPLIST_FILE = StarWarsVIITests/Info.plist;
				LD_RUNPATH_SEARCH_PATHS = "$(inherited) @executable_path/Frameworks @loader_path/Frameworks";
				PRODUCT_BUNDLE_IDENTIFIER = es.idenjoe.StarWarsVIITests;
				PRODUCT_NAME = "$(TARGET_NAME)";
				TEST_HOST = "$(BUILT_PRODUCTS_DIR)/StarWarsVII.app/StarWarsVII";
			};
			name = Debug;
		};
		731533901BFE5D260021FFA9 /* Release */ = {
			isa = XCBuildConfiguration;
			buildSettings = {
				BUNDLE_LOADER = "$(TEST_HOST)";
				INFOPLIST_FILE = StarWarsVIITests/Info.plist;
				LD_RUNPATH_SEARCH_PATHS = "$(inherited) @executable_path/Frameworks @loader_path/Frameworks";
				PRODUCT_BUNDLE_IDENTIFIER = es.idenjoe.StarWarsVIITests;
				PRODUCT_NAME = "$(TARGET_NAME)";
				TEST_HOST = "$(BUILT_PRODUCTS_DIR)/StarWarsVII.app/StarWarsVII";
			};
			name = Release;
		};
/* End XCBuildConfiguration section */

/* Begin XCConfigurationList section */
		731533691BFE5D260021FFA9 /* Build configuration list for PBXProject "StarWarsVII" */ = {
			isa = XCConfigurationList;
			buildConfigurations = (
				731533891BFE5D260021FFA9 /* Debug */,
				7315338A1BFE5D260021FFA9 /* Release */,
			);
			defaultConfigurationIsVisible = 0;
			defaultConfigurationName = Release;
		};
		7315338B1BFE5D260021FFA9 /* Build configuration list for PBXNativeTarget "StarWarsVII" */ = {
			isa = XCConfigurationList;
			buildConfigurations = (
				7315338C1BFE5D260021FFA9 /* Debug */,
				7315338D1BFE5D260021FFA9 /* Release */,
			);
			defaultConfigurationIsVisible = 0;
		};
		7315338E1BFE5D260021FFA9 /* Build configuration list for PBXNativeTarget "StarWarsVIITests" */ = {
			isa = XCConfigurationList;
			buildConfigurations = (
				7315338F1BFE5D260021FFA9 /* Debug */,
				731533901BFE5D260021FFA9 /* Release */,
			);
			defaultConfigurationIsVisible = 0;
		};
/* End XCConfigurationList section */
	};
	rootObject = 731533661BFE5D260021FFA9 /* Project object */;
}
